
Microsoft Visual Studio Solution File, Format Version 12.00
# Visual Studio Version 17
VisualStudioVersion = 17.0.31903.59
MinimumVisualStudioVersion = 10.0.40219.1
Project("{FAE04EC0-301F-11D3-BF4B-00C04F79EFBC}") = "while_project", "topec4_1\while_project.csproj", "{FAA25E5A-FE2B-4BD4-9088-20AC210CED80}"
EndProject
Global
	GlobalSection(SolutionConfigurationPlatforms) = preSolution
		Debug|Any CPU = Debug|Any CPU
		Release|Any CPU = Release|Any CPU
	EndGlobalSection
	GlobalSection(ProjectConfigurationPlatforms) = postSolution
		{FAA25E5A-FE2B-4BD4-9088-20AC210CED80}.Debug|Any CPU.ActiveCfg = Debug|Any CPU
		{FAA25E5A-FE2B-4BD4-9088-20AC210CED80}.Debug|Any CPU.Build.0 = Debug|Any CPU
		{FAA25E5A-FE2B-4BD4-9088-20AC210CED80}.Release|Any CPU.ActiveCfg = Release|Any CPU
		{FAA25E5A-FE2B-4BD4-9088-20AC210CED80}.Release|Any CPU.Build.0 = Release|Any CPU
	EndGlobalSection
	GlobalSection(SolutionProperties) = preSolution
		HideSolutionNode = FALSE
	EndGlobalSection
	GlobalSection(ExtensibilityGlobals) = postSolution
		SolutionGuid = {FB3E5794-2E03-40EC-B6FD-C8DE6C1CA78F}
	EndGlobalSection
EndGlobal
